
Microsoft Visual Studio Solution File, Format Version 12.00
# Visual Studio 14
VisualStudioVersion = 14.0.25420.1
MinimumVisualStudioVersion = 10.0.40219.1
Project("{8BC9CEB8-8B4A-11D0-8D11-00A0C91BC942}") = "big_integer", "big_integer.vcxproj", "{9509A64B-8C77-4B44-AD19-B12043707E9D}"
EndProject
Project("{8BC9CEB8-8B4A-11D0-8D11-00A0C91BC942}") = "Bind", "..\Bind\Bind.vcxproj", "{66537C80-305B-42ED-A8F7-D442C788FC01}"
EndProject
Global
	GlobalSection(SolutionConfigurationPlatforms) = preSolution
		Debug|x64 = Debug|x64
		Debug|x86 = Debug|x86
		Release|x64 = Release|x64
		Release|x86 = Release|x86
	EndGlobalSection
	GlobalSection(ProjectConfigurationPlatforms) = postSolution
		{9509A64B-8C77-4B44-AD19-B12043707E9D}.Debug|x64.ActiveCfg = Debug|x64
		{9509A64B-8C77-4B44-AD19-B12043707E9D}.Debug|x64.Build.0 = Debug|x64
		{9509A64B-8C77-4B44-AD19-B12043707E9D}.Debug|x86.ActiveCfg = Debug|Win32
		{9509A64B-8C77-4B44-AD19-B12043707E9D}.Debug|x86.Build.0 = Debug|Win32
		{9509A64B-8C77-4B44-AD19-B12043707E9D}.Release|x64.ActiveCfg = Release|x64
		{9509A64B-8C77-4B44-AD19-B12043707E9D}.Release|x64.Build.0 = Release|x64
		{9509A64B-8C77-4B44-AD19-B12043707E9D}.Release|x86.ActiveCfg = Release|Win32
		{9509A64B-8C77-4B44-AD19-B12043707E9D}.Release|x86.Build.0 = Release|Win32
		{66537C80-305B-42ED-A8F7-D442C788FC01}.Debug|x64.ActiveCfg = Debug|x64
		{66537C80-305B-42ED-A8F7-D442C788FC01}.Debug|x64.Build.0 = Debug|x64
		{66537C80-305B-42ED-A8F7-D442C788FC01}.Debug|x86.ActiveCfg = Debug|Win32
		{66537C80-305B-42ED-A8F7-D442C788FC01}.Debug|x86.Build.0 = Debug|Win32
		{66537C80-305B-42ED-A8F7-D442C788FC01}.Release|x64.ActiveCfg = Release|x64
		{66537C80-305B-42ED-A8F7-D442C788FC01}.Release|x64.Build.0 = Release|x64
		{66537C80-305B-42ED-A8F7-D442C788FC01}.Release|x86.ActiveCfg = Release|Win32
		{66537C80-305B-42ED-A8F7-D442C788FC01}.Release|x86.Build.0 = Release|Win32
	EndGlobalSection
	GlobalSection(SolutionProperties) = preSolution
		HideSolutionNode = FALSE
	EndGlobalSection
EndGlobal
